
Microsoft Visual Studio Solution File, Format Version 12.00
# Visual Studio 15
Project("{FAE04EC0-301F-11D3-BF4B-00C04F79EFBC}") = "Assembly-CSharp", "Assembly-CSharp.csproj", "{C30B4C1A-38CF-ADED-AE91-5A1B12CB15CF}"
EndProject
Project("{FAE04EC0-301F-11D3-BF4B-00C04F79EFBC}") = "Assembly-CSharp-Editor", "Assembly-CSharp-Editor.csproj", "{940401DC-0DDB-E948-F8B7-4E22BF4E2460}"
EndProject
Global
	GlobalSection(SolutionConfigurationPlatforms) = preSolution
		Debug|Any CPU = Debug|Any CPU
		Release|Any CPU = Release|Any CPU
	EndGlobalSection
	GlobalSection(ProjectConfigurationPlatforms) = postSolution
		{C30B4C1A-38CF-ADED-AE91-5A1B12CB15CF}.Debug|Any CPU.ActiveCfg = Debug|Any CPU
		{C30B4C1A-38CF-ADED-AE91-5A1B12CB15CF}.Debug|Any CPU.Build.0 = Debug|Any CPU
		{C30B4C1A-38CF-ADED-AE91-5A1B12CB15CF}.Release|Any CPU.ActiveCfg = Release|Any CPU
		{C30B4C1A-38CF-ADED-AE91-5A1B12CB15CF}.Release|Any CPU.Build.0 = Release|Any CPU
		{940401DC-0DDB-E948-F8B7-4E22BF4E2460}.Debug|Any CPU.ActiveCfg = Debug|Any CPU
		{940401DC-0DDB-E948-F8B7-4E22BF4E2460}.Debug|Any CPU.Build.0 = Debug|Any CPU
		{940401DC-0DDB-E948-F8B7-4E22BF4E2460}.Release|Any CPU.ActiveCfg = Release|Any CPU
		{940401DC-0DDB-E948-F8B7-4E22BF4E2460}.Release|Any CPU.Build.0 = Release|Any CPU
	EndGlobalSection
	GlobalSection(SolutionProperties) = preSolution
		HideSolutionNode = FALSE
	EndGlobalSection
EndGlobal
